// !$*UTF8*$!
{
	archiveVersion = 1;
	classes = {
	};
	objectVersion = 46;
	objects = {

/* Begin PBXBuildFile section */
		00578CBA15E980AD00E39E40 /* Cocoa.framework in Frameworks */ = {isa = PBXBuildFile; fileRef = 00578CB915E980AC00E39E40 /* Cocoa.framework */; };
		00578CBC15E980AD00E39E40 /* ScreenSaver.framework in Frameworks */ = {isa = PBXBuildFile; fileRef = 00578CBB15E980AD00E39E40 /* ScreenSaver.framework */; };
		00578CC615E980AD00E39E40 /* InfoPlist.strings in Resources */ = {isa = PBXBuildFile; fileRef = 00578CC415E980AD00E39E40 /* InfoPlist.strings */; };
		00578CCA15E980AD00E39E40 /* ArtFlipSaverView.m in Sources */ = {isa = PBXBuildFile; fileRef = 00578CC915E980AD00E39E40 /* ArtFlipSaverView.m */; };
		00578CD115E981E600E39E40 /* WebKit.framework in Frameworks */ = {isa = PBXBuildFile; fileRef = 00578CD015E981E600E39E40 /* WebKit.framework */; };
		007E73FD15E985DB0036397A /* Options.xib in Resources */ = {isa = PBXBuildFile; fileRef = 007E73FC15E985DB0036397A /* Options.xib */; };
		00F5323115FF04B900893504 /* ArtFlipSaver.saver in CopyFiles */ = {isa = PBXBuildFile; fileRef = 00578CB615E980AC00E39E40 /* ArtFlipSaver.saver */; };
/* End PBXBuildFile section */

/* Begin PBXCopyFilesBuildPhase section */
		00F5323015FF045E00893504 /* CopyFiles */ = {
			isa = PBXCopyFilesBuildPhase;
			buildActionMask = 2147483647;
			dstPath = "/Users/endenizen/Library/Screen Savers/";
			dstSubfolderSpec = 0;
			files = (
				00F5323115FF04B900893504 /* ArtFlipSaver.saver in CopyFiles */,
			);
			runOnlyForDeploymentPostprocessing = 0;
		};
/* End PBXCopyFilesBuildPhase section */

/* Begin PBXFileReference section */
		00578CB615E980AC00E39E40 /* ArtFlipSaver.saver */ = {isa = PBXFileReference; explicitFileType = wrapper.cfbundle; includeInIndex = 0; path = ArtFlipSaver.saver; sourceTree = BUILT_PRODUCTS_DIR; };
		00578CB915E980AC00E39E40 /* Cocoa.framework */ = {isa = PBXFileReference; lastKnownFileType = wrapper.framework; name = Cocoa.framework; path = System/Library/Frameworks/Cocoa.framework; sourceTree = SDKROOT; };
		00578CBB15E980AD00E39E40 /* ScreenSaver.framework */ = {isa = PBXFileReference; lastKnownFileType = wrapper.framework; name = ScreenSaver.framework; path = System/Library/Frameworks/ScreenSaver.framework; sourceTree = SDKROOT; };
		00578CBE15E980AD00E39E40 /* AppKit.framework */ = {isa = PBXFileReference; lastKnownFileType = wrapper.framework; name = AppKit.framework; path = System/Library/Frameworks/AppKit.framework; sourceTree = SDKROOT; };
		00578CBF15E980AD00E39E40 /* CoreData.framework */ = {isa = PBXFileReference; lastKnownFileType = wrapper.framework; name = CoreData.framework; path = System/Library/Frameworks/CoreData.framework; sourceTree = SDKROOT; };
		00578CC015E980AD00E39E40 /* Foundation.framework */ = {isa = PBXFileReference; lastKnownFileType = wrapper.framework; name = Foundation.framework; path = System/Library/Frameworks/Foundation.framework; sourceTree = SDKROOT; };
		00578CC315E980AD00E39E40 /* ArtFlipSaver-Info.plist */ = {isa = PBXFileReference; lastKnownFileType = text.plist.xml; path = "ArtFlipSaver-Info.plist"; sourceTree = "<group>"; };
		00578CC515E980AD00E39E40 /* en */ = {isa = PBXFileReference; lastKnownFileType = text.plist.strings; name = en; path = en.lproj/InfoPlist.strings; sourceTree = "<group>"; };
		00578CC715E980AD00E39E40 /* ArtFlipSaver-Prefix.pch */ = {isa = PBXFileReference; lastKnownFileType = sourcecode.c.h; path = "ArtFlipSaver-Prefix.pch"; sourceTree = "<group>"; };
		00578CC815E980AD00E39E40 /* ArtFlipSaverView.h */ = {isa = PBXFileReference; lastKnownFileType = sourcecode.c.h; path = ArtFlipSaverView.h; sourceTree = "<group>"; };
		00578CC915E980AD00E39E40 /* ArtFlipSaverView.m */ = {isa = PBXFileReference; lastKnownFileType = sourcecode.c.objc; path = ArtFlipSaverView.m; sourceTree = "<group>"; };
		00578CD015E981E600E39E40 /* WebKit.framework */ = {isa = PBXFileReference; lastKnownFileType = wrapper.framework; name = WebKit.framework; path = System/Library/Frameworks/WebKit.framework; sourceTree = SDKROOT; };
		007E73FC15E985DB0036397A /* Options.xib */ = {isa = PBXFileReference; fileEncoding = 4; lastKnownFileType = file.xib; path = Options.xib; sourceTree = "<group>"; };
/* End PBXFileReference section */

/* Begin PBXFrameworksBuildPhase section */
		00578CB115E980AC00E39E40 /* Frameworks */ = {
			isa = PBXFrameworksBuildPhase;
			buildActionMask = 2147483647;
			files = (
				00578CD115E981E600E39E40 /* WebKit.framework in Frameworks */,
				00578CBA15E980AD00E39E40 /* Cocoa.framework in Frameworks */,
				00578CBC15E980AD00E39E40 /* ScreenSaver.framework in Frameworks */,
			);
			runOnlyForDeploymentPostprocessing = 0;
		};
/* End PBXFrameworksBuildPhase section */

/* Begin PBXGroup section */
		00578CA915E980AC00E39E40 = {
			isa = PBXGroup;
			children = (
				00578CC115E980AD00E39E40 /* ArtFlipSaver */,
				00578CB815E980AC00E39E40 /* Frameworks */,
				00578CB715E980AC00E39E40 /* Products */,
			);
			sourceTree = "<group>";
		};
		00578CB715E980AC00E39E40 /* Products */ = {
			isa = PBXGroup;
			children = (
				00578CB615E980AC00E39E40 /* ArtFlipSaver.saver */,
			);
			name = Products;
			sourceTree = "<group>";
		};
		00578CB815E980AC00E39E40 /* Frameworks */ = {
			isa = PBXGroup;
			children = (
				00578CD015E981E600E39E40 /* WebKit.framework */,
				00578CB915E980AC00E39E40 /* Cocoa.framework */,
				00578CBB15E980AD00E39E40 /* ScreenSaver.framework */,
				00578CBD15E980AD00E39E40 /* Other Frameworks */,
			);
			name = Frameworks;
			sourceTree = "<group>";
		};
		00578CBD15E980AD00E39E40 /* Other Frameworks */ = {
			isa = PBXGroup;
			children = (
				00578CBE15E980AD00E39E40 /* AppKit.framework */,
				00578CBF15E980AD00E39E40 /* CoreData.framework */,
				00578CC015E980AD00E39E40 /* Foundation.framework */,
			);
			name = "Other Frameworks";
			sourceTree = "<group>";
		};
		00578CC115E980AD00E39E40 /* ArtFlipSaver */ = {
			isa = PBXGroup;
			children = (
				00578CC815E980AD00E39E40 /* ArtFlipSaverView.h */,
				00578CC915E980AD00E39E40 /* ArtFlipSaverView.m */,
				00578CC215E980AD00E39E40 /* Supporting Files */,
			);
			path = ArtFlipSaver;
			sourceTree = "<group>";
		};
		00578CC215E980AD00E39E40 /* Supporting Files */ = {
			isa = PBXGroup;
			children = (
				007E73FC15E985DB0036397A /* Options.xib */,
				00578CC315E980AD00E39E40 /* ArtFlipSaver-Info.plist */,
				00578CC415E980AD00E39E40 /* InfoPlist.strings */,
				00578CC715E980AD00E39E40 /* ArtFlipSaver-Prefix.pch */,
			);
			name = "Supporting Files";
			sourceTree = "<group>";
		};
/* End PBXGroup section */

/* Begin PBXHeadersBuildPhase section */
		00578CB215E980AC00E39E40 /* Headers */ = {
			isa = PBXHeadersBuildPhase;
			buildActionMask = 2147483647;
			files = (
			);
			runOnlyForDeploymentPostprocessing = 0;
		};
/* End PBXHeadersBuildPhase section */

/* Begin PBXNativeTarget section */
		00578CB515E980AC00E39E40 /* ArtFlipSaver */ = {
			isa = PBXNativeTarget;
			buildConfigurationList = 00578CCD15E980AD00E39E40 /* Build configuration list for PBXNativeTarget "ArtFlipSaver" */;
			buildPhases = (
				00578CB015E980AC00E39E40 /* Sources */,
				00578CB115E980AC00E39E40 /* Frameworks */,
				00578CB215E980AC00E39E40 /* Headers */,
				00578CB315E980AC00E39E40 /* Resources */,
				00578CB415E980AC00E39E40 /* Rez */,
				00F5323015FF045E00893504 /* CopyFiles */,
			);
			buildRules = (
			);
			dependencies = (
			);
			name = ArtFlipSaver;
			productName = ArtFlipSaver;
			productReference = 00578CB615E980AC00E39E40 /* ArtFlipSaver.saver */;
			productType = "com.apple.product-type.bundle";
		};
/* End PBXNativeTarget section */

/* Begin PBXProject section */
		00578CAB15E980AC00E39E40 /* Project object */ = {
			isa = PBXProject;
			attributes = {
				LastUpgradeCheck = 0440;
				ORGANIZATIONNAME = "Brian Ferrell";
			};
			buildConfigurationList = 00578CAE15E980AC00E39E40 /* Build configuration list for PBXProject "ArtFlipSaver" */;
			compatibilityVersion = "Xcode 3.2";
			developmentRegion = English;
			hasScannedForEncodings = 0;
			knownRegions = (
				en,
			);
			mainGroup = 00578CA915E980AC00E39E40;
			productRefGroup = 00578CB715E980AC00E39E40 /* Products */;
			projectDirPath = "";
			projectRoot = "";
			targets = (
				00578CB515E980AC00E39E40 /* ArtFlipSaver */,
			);
		};
/* End PBXProject section */

/* Begin PBXResourcesBuildPhase section */
		00578CB315E980AC00E39E40 /* Resources */ = {
			isa = PBXResourcesBuildPhase;
			buildActionMask = 2147483647;
			files = (
				00578CC615E980AD00E39E40 /* InfoPlist.strings in Resources */,
				007E73FD15E985DB0036397A /* Options.xib in Resources */,
			);
			runOnlyForDeploymentPostprocessing = 0;
		};
/* End PBXResourcesBuildPhase section */

/* Begin PBXRezBuildPhase section */
		00578CB415E980AC00E39E40 /* Rez */ = {
			isa = PBXRezBuildPhase;
			buildActionMask = 2147483647;
			files = (
			);
			runOnlyForDeploymentPostprocessing = 0;
		};
/* End PBXRezBuildPhase section */

/* Begin PBXSourcesBuildPhase section */
		00578CB015E980AC00E39E40 /* Sources */ = {
			isa = PBXSourcesBuildPhase;
			buildActionMask = 2147483647;
			files = (
				00578CCA15E980AD00E39E40 /* ArtFlipSaverView.m in Sources */,
			);
			runOnlyForDeploymentPostprocessing = 0;
		};
/* End PBXSourcesBuildPhase section */

/* Begin PBXVariantGroup section */
		00578CC415E980AD00E39E40 /* InfoPlist.strings */ = {
			isa = PBXVariantGroup;
			children = (
				00578CC515E980AD00E39E40 /* en */,
			);
			name = InfoPlist.strings;
			sourceTree = "<group>";
		};
/* End PBXVariantGroup section */

/* Begin XCBuildConfiguration section */
		00578CCB15E980AD00E39E40 /* Debug */ = {
			isa = XCBuildConfiguration;
			buildSettings = {
				ALWAYS_SEARCH_USER_PATHS = NO;
				ARCHS = "$(ARCHS_STANDARD_64_BIT)";
				CLANG_CXX_LANGUAGE_STANDARD = "gnu++0x";
				CLANG_WARN__DUPLICATE_METHOD_MATCH = YES;
				COPY_PHASE_STRIP = NO;
				GCC_C_LANGUAGE_STANDARD = gnu99;
				GCC_DYNAMIC_NO_PIC = NO;
				GCC_ENABLE_OBJC_EXCEPTIONS = YES;
				GCC_ENABLE_OBJC_GC = supported;
				GCC_OPTIMIZATION_LEVEL = 0;
				GCC_PREPROCESSOR_DEFINITIONS = (
					"DEBUG=1",
					"$(inherited)",
				);
				GCC_SYMBOLS_PRIVATE_EXTERN = NO;
				GCC_WARN_64_TO_32_BIT_CONVERSION = YES;
				GCC_WARN_ABOUT_RETURN_TYPE = YES;
				GCC_WARN_UNINITIALIZED_AUTOS = YES;
				GCC_WARN_UNUSED_VARIABLE = YES;
				MACOSX_DEPLOYMENT_TARGET = 10.8;
				ONLY_ACTIVE_ARCH = YES;
				SDKROOT = macosx;
			};
			name = Debug;
		};
		00578CCC15E980AD00E39E40 /* Release */ = {
			isa = XCBuildConfiguration;
			buildSettings = {
				ALWAYS_SEARCH_USER_PATHS = NO;
				ARCHS = "$(ARCHS_STANDARD_64_BIT)";
				CLANG_CXX_LANGUAGE_STANDARD = "gnu++0x";
				CLANG_WARN__DUPLICATE_METHOD_MATCH = YES;
				COPY_PHASE_STRIP = YES;
				DEBUG_INFORMATION_FORMAT = "dwarf-with-dsym";
				GCC_C_LANGUAGE_STANDARD = gnu99;
				GCC_ENABLE_OBJC_EXCEPTIONS = YES;
				GCC_ENABLE_OBJC_GC = supported;
				GCC_WARN_64_TO_32_BIT_CONVERSION = YES;
				GCC_WARN_ABOUT_RETURN_TYPE = YES;
				GCC_WARN_UNINITIALIZED_AUTOS = YES;
				GCC_WARN_UNUSED_VARIABLE = YES;
				MACOSX_DEPLOYMENT_TARGET = 10.8;
				SDKROOT = macosx;
			};
			name = Release;
		};
		00578CCE15E980AD00E39E40 /* Debug */ = {
			isa = XCBuildConfiguration;
			buildSettings = {
				COMBINE_HIDPI_IMAGES = YES;
				GCC_PRECOMPILE_PREFIX_HEADER = YES;
				GCC_PREFIX_HEADER = "ArtFlipSaver/ArtFlipSaver-Prefix.pch";
				INFOPLIST_FILE = "ArtFlipSaver/ArtFlipSaver-Info.plist";
				INSTALL_PATH = "$(HOME)/Library/Screen Savers";
				PRODUCT_NAME = "$(TARGET_NAME)";
				WRAPPER_EXTENSION = saver;
			};
			name = Debug;
		};
		00578CCF15E980AD00E39E40 /* Release */ = {
			isa = XCBuildConfiguration;
			buildSettings = {
				COMBINE_HIDPI_IMAGES = YES;
				GCC_PRECOMPILE_PREFIX_HEADER = YES;
				GCC_PREFIX_HEADER = "ArtFlipSaver/ArtFlipSaver-Prefix.pch";
				INFOPLIST_FILE = "ArtFlipSaver/ArtFlipSaver-Info.plist";
				INSTALL_PATH = "$(HOME)/Library/Screen Savers";
				PRODUCT_NAME = "$(TARGET_NAME)";
				WRAPPER_EXTENSION = saver;
			};
			name = Release;
		};
/* End XCBuildConfiguration section */

/* Begin XCConfigurationList section */
		00578CAE15E980AC00E39E40 /* Build configuration list for PBXProject "ArtFlipSaver" */ = {
			isa = XCConfigurationList;
			buildConfigurations = (
				00578CCB15E980AD00E39E40 /* Debug */,
				00578CCC15E980AD00E39E40 /* Release */,
			);
			defaultConfigurationIsVisible = 0;
			defaultConfigurationName = Release;
		};
		00578CCD15E980AD00E39E40 /* Build configuration list for PBXNativeTarget "ArtFlipSaver" */ = {
			isa = XCConfigurationList;
			buildConfigurations = (
				00578CCE15E980AD00E39E40 /* Debug */,
				00578CCF15E980AD00E39E40 /* Release */,
			);
			defaultConfigurationIsVisible = 0;
			defaultConfigurationName = Release;
		};
/* End XCConfigurationList section */
	};
	rootObject = 00578CAB15E980AC00E39E40 /* Project object */;
}
